
Microsoft Visual Studio Solution File, Format Version 12.00
# Visual Studio Version 16
VisualStudioVersion = 16.0.28803.202
MinimumVisualStudioVersion = 10.0.40219.1
Project("{FAE04EC0-301F-11D3-BF4B-00C04F79EFBC}") = "EntityFramwork.netframework", "EntityFramwork.netframework\EntityFramwork.netframework.csproj", "{580B75E1-6F27-4199-854A-1BEA1BFB32BE}"
EndProject
Global
	GlobalSection(SolutionConfigurationPlatforms) = preSolution
		Debug|Any CPU = Debug|Any CPU
		Release|Any CPU = Release|Any CPU
	EndGlobalSection
	GlobalSection(ProjectConfigurationPlatforms) = postSolution
		{580B75E1-6F27-4199-854A-1BEA1BFB32BE}.Debug|Any CPU.ActiveCfg = Debug|Any CPU
		{580B75E1-6F27-4199-854A-1BEA1BFB32BE}.Debug|Any CPU.Build.0 = Debug|Any CPU
		{580B75E1-6F27-4199-854A-1BEA1BFB32BE}.Release|Any CPU.ActiveCfg = Release|Any CPU
		{580B75E1-6F27-4199-854A-1BEA1BFB32BE}.Release|Any CPU.Build.0 = Release|Any CPU
	EndGlobalSection
	GlobalSection(SolutionProperties) = preSolution
		HideSolutionNode = FALSE
	EndGlobalSection
	GlobalSection(ExtensibilityGlobals) = postSolution
		SolutionGuid = {8065C881-1CF1-4F29-A41D-8358E8690ED2}
	EndGlobalSection
EndGlobal
